<?xml version="1.0" encoding="utf-8"?>
<Project ToolsVersion="4.0" xmlns="http://schemas.microsoft.com/developer/msbuild/2003">
  <ItemGroup>
    <Filter Include="Source Files">
      <UniqueIdentifier>{4FC737F1-C7A5-4376-A066-2A32D752A2FF}</UniqueIdentifier>
      <Extensions>cpp;c;cxx;def;odl;idl;hpj;bat;asm;asmx</Extensions>
    </Filter>
  </ItemGroup>
  <ItemGroup>
    <ClCompile Include="..\builtin\add.c">
      <Filter>Source Files</Filter>
    </ClCompile>
    <ClCompile Include="..\builtin\annotate.c">
      <Filter>Source Files</Filter>
    </ClCompile>
    <ClCompile Include="..\builtin\apply.c">
      <Filter>Source Files</Filter>
    </ClCompile>
    <ClCompile Include="..\builtin\archive.c">
      <Filter>Source Files</Filter>
    </ClCompile>
    <ClCompile Include="..\builtin\bisect--helper.c">
      <Filter>Source Files</Filter>
    </ClCompile>
    <ClCompile Include="..\builtin\blame.c">
      <Filter>Source Files</Filter>
    </ClCompile>
    <ClCompile Include="..\builtin\branch.c">
      <Filter>Source Files</Filter>
    </ClCompile>
    <ClCompile Include="..\builtin\bundle.c">
      <Filter>Source Files</Filter>
    </ClCompile>
    <ClCompile Include="..\builtin\cat-file.c">
      <Filter>Source Files</Filter>
    </ClCompile>
    <ClCompile Include="..\builtin\check-attr.c">
      <Filter>Source Files</Filter>
    </ClCompile>
    <ClCompile Include="..\builtin\check-ignore.c">
      <Filter>Source Files</Filter>
    </ClCompile>
    <ClCompile Include="..\builtin\check-mailmap.c">
      <Filter>Source Files</Filter>
    </ClCompile>
    <ClCompile Include="..\builtin\check-ref-format.c">
      <Filter>Source Files</Filter>
    </ClCompile>
    <ClCompile Include="..\builtin\checkout-index.c">
      <Filter>Source Files</Filter>
    </ClCompile>
    <ClCompile Include="..\builtin\checkout.c">
      <Filter>Source Files</Filter>
    </ClCompile>
    <ClCompile Include="..\builtin\clean.c">
      <Filter>Source Files</Filter>
    </ClCompile>
    <ClCompile Include="..\builtin\clone.c">
      <Filter>Source Files</Filter>
    </ClCompile>
    <ClCompile Include="..\builtin\column.c">
      <Filter>Source Files</Filter>
    </ClCompile>
    <ClCompile Include="..\builtin\commit-tree.c">
      <Filter>Source Files</Filter>
    </ClCompile>
    <ClCompile Include="..\builtin\commit.c">
      <Filter>Source Files</Filter>
    </ClCompile>
    <ClCompile Include="..\builtin\config.c">
      <Filter>Source Files</Filter>
    </ClCompile>
    <ClCompile Include="..\builtin\count-objects.c">
      <Filter>Source Files</Filter>
    </ClCompile>
    <ClCompile Include="..\builtin\credential.c">
      <Filter>Source Files</Filter>
    </ClCompile>
    <ClCompile Include="..\builtin\describe.c">
      <Filter>Source Files</Filter>
    </ClCompile>
    <ClCompile Include="..\builtin\diff-files.c">
      <Filter>Source Files</Filter>
    </ClCompile>
    <ClCompile Include="..\builtin\diff-index.c">
      <Filter>Source Files</Filter>
    </ClCompile>
    <ClCompile Include="..\builtin\diff-tree.c">
      <Filter>Source Files</Filter>
    </ClCompile>
    <ClCompile Include="..\builtin\diff.c">
      <Filter>Source Files</Filter>
    </ClCompile>
    <ClCompile Include="..\builtin\fast-export.c">
      <Filter>Source Files</Filter>
    </ClCompile>
    <ClCompile Include="..\builtin\fetch-pack.c">
      <Filter>Source Files</Filter>
    </ClCompile>
    <ClCompile Include="..\builtin\fetch.c">
      <Filter>Source Files</Filter>
    </ClCompile>
    <ClCompile Include="..\builtin\fmt-merge-msg.c">
      <Filter>Source Files</Filter>
    </ClCompile>
    <ClCompile Include="..\builtin\for-each-ref.c">
      <Filter>Source Files</Filter>
    </ClCompile>
    <ClCompile Include="..\builtin\fsck.c">
      <Filter>Source Files</Filter>
    </ClCompile>
    <ClCompile Include="..\builtin\gc.c">
      <Filter>Source Files</Filter>
    </ClCompile>
    <ClCompile Include="..\builtin\get-tar-commit-id.c">
      <Filter>Source Files</Filter>
    </ClCompile>
    <ClCompile Include="..\builtin\grep.c">
      <Filter>Source Files</Filter>
    </ClCompile>
    <ClCompile Include="..\builtin\hash-object.c">
      <Filter>Source Files</Filter>
    </ClCompile>
    <ClCompile Include="..\builtin\help.c">
      <Filter>Source Files</Filter>
    </ClCompile>
    <ClCompile Include="..\builtin\index-pack.c">
      <Filter>Source Files</Filter>
    </ClCompile>
    <ClCompile Include="..\builtin\init-db.c">
      <Filter>Source Files</Filter>
    </ClCompile>
    <ClCompile Include="..\builtin\log.c">
      <Filter>Source Files</Filter>
    </ClCompile>
    <ClCompile Include="..\builtin\ls-files.c">
      <Filter>Source Files</Filter>
    </ClCompile>
    <ClCompile Include="..\builtin\ls-remote.c">
      <Filter>Source Files</Filter>
    </ClCompile>
    <ClCompile Include="..\builtin\ls-tree.c">
      <Filter>Source Files</Filter>
    </ClCompile>
    <ClCompile Include="..\builtin\mailinfo.c">
      <Filter>Source Files</Filter>
    </ClCompile>
    <ClCompile Include="..\builtin\mailsplit.c">
      <Filter>Source Files</Filter>
    </ClCompile>
    <ClCompile Include="..\builtin\merge-base.c">
      <Filter>Source Files</Filter>
    </ClCompile>
    <ClCompile Include="..\builtin\merge-file.c">
      <Filter>Source Files</Filter>
    </ClCompile>
    <ClCompile Include="..\builtin\merge-index.c">
      <Filter>Source Files</Filter>
    </ClCompile>
    <ClCompile Include="..\builtin\merge-ours.c">
      <Filter>Source Files</Filter>
    </ClCompile>
    <ClCompile Include="..\builtin\merge-recursive.c">
      <Filter>Source Files</Filter>
    </ClCompile>
    <ClCompile Include="..\builtin\merge-tree.c">
      <Filter>Source Files</Filter>
    </ClCompile>
    <ClCompile Include="..\builtin\merge.c">
      <Filter>Source Files</Filter>
    </ClCompile>
    <ClCompile Include="..\builtin\mktag.c">
      <Filter>Source Files</Filter>
    </ClCompile>
    <ClCompile Include="..\builtin\mktree.c">
      <Filter>Source Files</Filter>
    </ClCompile>
    <ClCompile Include="..\builtin\mv.c">
      <Filter>Source Files</Filter>
    </ClCompile>
    <ClCompile Include="..\builtin\name-rev.c">
      <Filter>Source Files</Filter>
    </ClCompile>
    <ClCompile Include="..\builtin\notes.c">
      <Filter>Source Files</Filter>
    </ClCompile>
    <ClCompile Include="..\builtin\pack-objects.c">
      <Filter>Source Files</Filter>
    </ClCompile>
    <ClCompile Include="..\builtin\pack-redundant.c">
      <Filter>Source Files</Filter>
    </ClCompile>
    <ClCompile Include="..\builtin\pack-refs.c">
      <Filter>Source Files</Filter>
    </ClCompile>
    <ClCompile Include="..\builtin\patch-id.c">
      <Filter>Source Files</Filter>
    </ClCompile>
    <ClCompile Include="..\builtin\prune-packed.c">
      <Filter>Source Files</Filter>
    </ClCompile>
    <ClCompile Include="..\builtin\prune.c">
      <Filter>Source Files</Filter>
    </ClCompile>
    <ClCompile Include="..\builtin\push.c">
      <Filter>Source Files</Filter>
    </ClCompile>
    <ClCompile Include="..\builtin\read-tree.c">
      <Filter>Source Files</Filter>
    </ClCompile>
    <ClCompile Include="..\builtin\receive-pack.c">
      <Filter>Source Files</Filter>
    </ClCompile>
    <ClCompile Include="..\builtin\reflog.c">
      <Filter>Source Files</Filter>
    </ClCompile>
    <ClCompile Include="..\builtin\remote-ext.c">
      <Filter>Source Files</Filter>
    </ClCompile>
    <ClCompile Include="..\builtin\remote-fd.c">
      <Filter>Source Files</Filter>
    </ClCompile>
    <ClCompile Include="..\builtin\remote.c">
      <Filter>Source Files</Filter>
    </ClCompile>
    <ClCompile Include="..\builtin\repack.c">
      <Filter>Source Files</Filter>
    </ClCompile>
    <ClCompile Include="..\builtin\replace.c">
      <Filter>Source Files</Filter>
    </ClCompile>
    <ClCompile Include="..\builtin\rerere.c">
      <Filter>Source Files</Filter>
    </ClCompile>
    <ClCompile Include="..\builtin\reset.c">
      <Filter>Source Files</Filter>
    </ClCompile>
    <ClCompile Include="..\builtin\rev-list.c">
      <Filter>Source Files</Filter>
    </ClCompile>
    <ClCompile Include="..\builtin\rev-parse.c">
      <Filter>Source Files</Filter>
    </ClCompile>
    <ClCompile Include="..\builtin\revert.c">
      <Filter>Source Files</Filter>
    </ClCompile>
    <ClCompile Include="..\builtin\rm.c">
      <Filter>Source Files</Filter>
    </ClCompile>
    <ClCompile Include="..\builtin\send-pack.c">
      <Filter>Source Files</Filter>
    </ClCompile>
    <ClCompile Include="..\builtin\shortlog.c">
      <Filter>Source Files</Filter>
    </ClCompile>
    <ClCompile Include="..\builtin\show-branch.c">
      <Filter>Source Files</Filter>
    </ClCompile>
    <ClCompile Include="..\builtin\show-ref.c">
      <Filter>Source Files</Filter>
    </ClCompile>
    <ClCompile Include="..\builtin\stripspace.c">
      <Filter>Source Files</Filter>
    </ClCompile>
    <ClCompile Include="..\builtin\symbolic-ref.c">
      <Filter>Source Files</Filter>
    </ClCompile>
    <ClCompile Include="..\builtin\tag.c">
      <Filter>Source Files</Filter>
    </ClCompile>
    <ClCompile Include="..\builtin\unpack-file.c">
      <Filter>Source Files</Filter>
    </ClCompile>
    <ClCompile Include="..\builtin\unpack-objects.c">
      <Filter>Source Files</Filter>
    </ClCompile>
    <ClCompile Include="..\builtin\update-index.c">
      <Filter>Source Files</Filter>
    </ClCompile>
    <ClCompile Include="..\builtin\update-ref.c">
      <Filter>Source Files</Filter>
    </ClCompile>
    <ClCompile Include="..\builtin\update-server-info.c">
      <Filter>Source Files</Filter>
    </ClCompile>
    <ClCompile Include="..\builtin\upload-archive.c">
      <Filter>Source Files</Filter>
    </ClCompile>
    <ClCompile Include="..\builtin\var.c">
      <Filter>Source Files</Filter>
    </ClCompile>
    <ClCompile Include="..\builtin\verify-pack.c">
      <Filter>Source Files</Filter>
    </ClCompile>
    <ClCompile Include="..\builtin\verify-tag.c">
      <Filter>Source Files</Filter>
    </ClCompile>
    <ClCompile Include="..\builtin\write-tree.c">
      <Filter>Source Files</Filter>
    </ClCompile>
    <ClCompile Include="..\git.c">
      <Filter>Source Files</Filter>
    </ClCompile>
  </ItemGroup>
</Project>