<?xml version="1.0" encoding="utf-8"?>
<Project ToolsVersion="4.0" xmlns="http://schemas.microsoft.com/developer/msbuild/2003">
  <ItemGroup>
    <Filter Include="Source Files">
      <UniqueIdentifier>{4FC737F1-C7A5-4376-A066-2A32D752A2FF}</UniqueIdentifier>
      <Extensions>cpp;c;cxx;def;odl;idl;hpj;bat;asm;asmx</Extensions>
    </Filter>
  </ItemGroup>
  <ItemGroup>
    <ClCompile Include="..\abspath.c">
      <Filter>Source Files</Filter>
    </ClCompile>
    <ClCompile Include="..\advice.c">
      <Filter>Source Files</Filter>
    </ClCompile>
    <ClCompile Include="..\alias.c">
      <Filter>Source Files</Filter>
    </ClCompile>
    <ClCompile Include="..\alloc.c">
      <Filter>Source Files</Filter>
    </ClCompile>
    <ClCompile Include="..\archive-tar.c">
      <Filter>Source Files</Filter>
    </ClCompile>
    <ClCompile Include="..\archive-zip.c">
      <Filter>Source Files</Filter>
    </ClCompile>
    <ClCompile Include="..\archive.c">
      <Filter>Source Files</Filter>
    </ClCompile>
    <ClCompile Include="..\argv-array.c">
      <Filter>Source Files</Filter>
    </ClCompile>
    <ClCompile Include="..\attr.c">
      <Filter>Source Files</Filter>
    </ClCompile>
    <ClCompile Include="..\base85.c">
      <Filter>Source Files</Filter>
    </ClCompile>
    <ClCompile Include="..\bisect.c">
      <Filter>Source Files</Filter>
    </ClCompile>
    <ClCompile Include="..\blob.c">
      <Filter>Source Files</Filter>
    </ClCompile>
    <ClCompile Include="..\block-sha1\sha1.c">
      <Filter>Source Files</Filter>
    </ClCompile>
    <ClCompile Include="..\branch.c">
      <Filter>Source Files</Filter>
    </ClCompile>
    <ClCompile Include="..\bulk-checkin.c">
      <Filter>Source Files</Filter>
    </ClCompile>
    <ClCompile Include="..\bundle.c">
      <Filter>Source Files</Filter>
    </ClCompile>
    <ClCompile Include="..\cache-tree.c">
      <Filter>Source Files</Filter>
    </ClCompile>
    <ClCompile Include="..\color.c">
      <Filter>Source Files</Filter>
    </ClCompile>
    <ClCompile Include="..\column.c">
      <Filter>Source Files</Filter>
    </ClCompile>
    <ClCompile Include="..\combine-diff.c">
      <Filter>Source Files</Filter>
    </ClCompile>
    <ClCompile Include="..\commit.c">
      <Filter>Source Files</Filter>
    </ClCompile>
    <ClCompile Include="..\compat\basename.c">
      <Filter>Source Files</Filter>
    </ClCompile>
    <ClCompile Include="..\compat\fnmatch\fnmatch.c">
      <Filter>Source Files</Filter>
    </ClCompile>
    <ClCompile Include="..\compat\inet_ntop.c">
      <Filter>Source Files</Filter>
    </ClCompile>
    <ClCompile Include="..\compat\inet_pton.c">
      <Filter>Source Files</Filter>
    </ClCompile>
    <ClCompile Include="..\compat\memmem.c">
      <Filter>Source Files</Filter>
    </ClCompile>
    <ClCompile Include="..\compat\mkdtemp.c">
      <Filter>Source Files</Filter>
    </ClCompile>
    <ClCompile Include="..\compat\msvc.c">
      <Filter>Source Files</Filter>
    </ClCompile>
    <ClCompile Include="..\compat\obstack.c">
      <Filter>Source Files</Filter>
    </ClCompile>
    <ClCompile Include="..\compat\poll\poll.c">
      <Filter>Source Files</Filter>
    </ClCompile>
    <ClCompile Include="..\compat\pread.c">
      <Filter>Source Files</Filter>
    </ClCompile>
    <ClCompile Include="..\compat\regex\regex.c">
      <Filter>Source Files</Filter>
    </ClCompile>
    <ClCompile Include="..\compat\setenv.c">
      <Filter>Source Files</Filter>
    </ClCompile>
    <ClCompile Include="..\compat\snprintf.c">
      <Filter>Source Files</Filter>
    </ClCompile>
    <ClCompile Include="..\compat\strcasestr.c">
      <Filter>Source Files</Filter>
    </ClCompile>
    <ClCompile Include="..\compat\strlcpy.c">
      <Filter>Source Files</Filter>
    </ClCompile>
    <ClCompile Include="..\compat\strtoimax.c">
      <Filter>Source Files</Filter>
    </ClCompile>
    <ClCompile Include="..\compat\strtoumax.c">
      <Filter>Source Files</Filter>
    </ClCompile>
    <ClCompile Include="..\compat\terminal.c">
      <Filter>Source Files</Filter>
    </ClCompile>
    <ClCompile Include="..\compat\win32\dirent.c">
      <Filter>Source Files</Filter>
    </ClCompile>
    <ClCompile Include="..\compat\win32\fscache.c">
      <Filter>Source Files</Filter>
    </ClCompile>
    <ClCompile Include="..\compat\win32\pthread.c">
      <Filter>Source Files</Filter>
    </ClCompile>
    <ClCompile Include="..\compat\win32\syslog.c">
      <Filter>Source Files</Filter>
    </ClCompile>
    <ClCompile Include="..\compat\win32mmap.c">
      <Filter>Source Files</Filter>
    </ClCompile>
    <ClCompile Include="..\compat\winansi.c">
      <Filter>Source Files</Filter>
    </ClCompile>
    <ClCompile Include="..\config.c">
      <Filter>Source Files</Filter>
    </ClCompile>
    <ClCompile Include="..\connect.c">
      <Filter>Source Files</Filter>
    </ClCompile>
    <ClCompile Include="..\connected.c">
      <Filter>Source Files</Filter>
    </ClCompile>
    <ClCompile Include="..\convert.c">
      <Filter>Source Files</Filter>
    </ClCompile>
    <ClCompile Include="..\copy.c">
      <Filter>Source Files</Filter>
    </ClCompile>
    <ClCompile Include="..\credential.c">
      <Filter>Source Files</Filter>
    </ClCompile>
    <ClCompile Include="..\csum-file.c">
      <Filter>Source Files</Filter>
    </ClCompile>
    <ClCompile Include="..\ctype.c">
      <Filter>Source Files</Filter>
    </ClCompile>
    <ClCompile Include="..\date.c">
      <Filter>Source Files</Filter>
    </ClCompile>
    <ClCompile Include="..\decorate.c">
      <Filter>Source Files</Filter>
    </ClCompile>
    <ClCompile Include="..\diff-delta.c">
      <Filter>Source Files</Filter>
    </ClCompile>
    <ClCompile Include="..\diff-lib.c">
      <Filter>Source Files</Filter>
    </ClCompile>
    <ClCompile Include="..\diff-no-index.c">
      <Filter>Source Files</Filter>
    </ClCompile>
    <ClCompile Include="..\diff.c">
      <Filter>Source Files</Filter>
    </ClCompile>
    <ClCompile Include="..\diffcore-break.c">
      <Filter>Source Files</Filter>
    </ClCompile>
    <ClCompile Include="..\diffcore-delta.c">
      <Filter>Source Files</Filter>
    </ClCompile>
    <ClCompile Include="..\diffcore-order.c">
      <Filter>Source Files</Filter>
    </ClCompile>
    <ClCompile Include="..\diffcore-pickaxe.c">
      <Filter>Source Files</Filter>
    </ClCompile>
    <ClCompile Include="..\diffcore-rename.c">
      <Filter>Source Files</Filter>
    </ClCompile>
    <ClCompile Include="..\dir.c">
      <Filter>Source Files</Filter>
    </ClCompile>
    <ClCompile Include="..\editor.c">
      <Filter>Source Files</Filter>
    </ClCompile>
    <ClCompile Include="..\entry.c">
      <Filter>Source Files</Filter>
    </ClCompile>
    <ClCompile Include="..\environment.c">
      <Filter>Source Files</Filter>
    </ClCompile>
    <ClCompile Include="..\exec_cmd.c">
      <Filter>Source Files</Filter>
    </ClCompile>
    <ClCompile Include="..\fetch-pack.c">
      <Filter>Source Files</Filter>
    </ClCompile>
    <ClCompile Include="..\fsck.c">
      <Filter>Source Files</Filter>
    </ClCompile>
    <ClCompile Include="..\gettext.c">
      <Filter>Source Files</Filter>
    </ClCompile>
    <ClCompile Include="..\gpg-interface.c">
      <Filter>Source Files</Filter>
    </ClCompile>
    <ClCompile Include="..\graph.c">
      <Filter>Source Files</Filter>
    </ClCompile>
    <ClCompile Include="..\grep.c">
      <Filter>Source Files</Filter>
    </ClCompile>
    <ClCompile Include="..\hash.c">
      <Filter>Source Files</Filter>
    </ClCompile>
    <ClCompile Include="..\hashmap.c">
      <Filter>Source Files</Filter>
    </ClCompile>
    <ClCompile Include="..\help.c">
      <Filter>Source Files</Filter>
    </ClCompile>
    <ClCompile Include="..\hex.c">
      <Filter>Source Files</Filter>
    </ClCompile>
    <ClCompile Include="..\ident.c">
      <Filter>Source Files</Filter>
    </ClCompile>
    <ClCompile Include="..\kwset.c">
      <Filter>Source Files</Filter>
    </ClCompile>
    <ClCompile Include="..\levenshtein.c">
      <Filter>Source Files</Filter>
    </ClCompile>
    <ClCompile Include="..\line-log.c">
      <Filter>Source Files</Filter>
    </ClCompile>
    <ClCompile Include="..\line-range.c">
      <Filter>Source Files</Filter>
    </ClCompile>
    <ClCompile Include="..\list-objects.c">
      <Filter>Source Files</Filter>
    </ClCompile>
    <ClCompile Include="..\ll-merge.c">
      <Filter>Source Files</Filter>
    </ClCompile>
    <ClCompile Include="..\lockfile.c">
      <Filter>Source Files</Filter>
    </ClCompile>
    <ClCompile Include="..\log-tree.c">
      <Filter>Source Files</Filter>
    </ClCompile>
    <ClCompile Include="..\mailmap.c">
      <Filter>Source Files</Filter>
    </ClCompile>
    <ClCompile Include="..\match-trees.c">
      <Filter>Source Files</Filter>
    </ClCompile>
    <ClCompile Include="..\merge-blobs.c">
      <Filter>Source Files</Filter>
    </ClCompile>
    <ClCompile Include="..\merge-recursive.c">
      <Filter>Source Files</Filter>
    </ClCompile>
    <ClCompile Include="..\merge.c">
      <Filter>Source Files</Filter>
    </ClCompile>
    <ClCompile Include="..\mergesort.c">
      <Filter>Source Files</Filter>
    </ClCompile>
    <ClCompile Include="..\name-hash.c">
      <Filter>Source Files</Filter>
    </ClCompile>
    <ClCompile Include="..\notes-cache.c">
      <Filter>Source Files</Filter>
    </ClCompile>
    <ClCompile Include="..\notes-merge.c">
      <Filter>Source Files</Filter>
    </ClCompile>
    <ClCompile Include="..\notes-utils.c">
      <Filter>Source Files</Filter>
    </ClCompile>
    <ClCompile Include="..\notes.c">
      <Filter>Source Files</Filter>
    </ClCompile>
    <ClCompile Include="..\object.c">
      <Filter>Source Files</Filter>
    </ClCompile>
    <ClCompile Include="..\pack-check.c">
      <Filter>Source Files</Filter>
    </ClCompile>
    <ClCompile Include="..\pack-revindex.c">
      <Filter>Source Files</Filter>
    </ClCompile>
    <ClCompile Include="..\pack-write.c">
      <Filter>Source Files</Filter>
    </ClCompile>
    <ClCompile Include="..\pager.c">
      <Filter>Source Files</Filter>
    </ClCompile>
    <ClCompile Include="..\parse-options-cb.c">
      <Filter>Source Files</Filter>
    </ClCompile>
    <ClCompile Include="..\parse-options.c">
      <Filter>Source Files</Filter>
    </ClCompile>
    <ClCompile Include="..\patch-delta.c">
      <Filter>Source Files</Filter>
    </ClCompile>
    <ClCompile Include="..\patch-ids.c">
      <Filter>Source Files</Filter>
    </ClCompile>
    <ClCompile Include="..\path.c">
      <Filter>Source Files</Filter>
    </ClCompile>
    <ClCompile Include="..\pathspec.c">
      <Filter>Source Files</Filter>
    </ClCompile>
    <ClCompile Include="..\pkt-line.c">
      <Filter>Source Files</Filter>
    </ClCompile>
    <ClCompile Include="..\preload-index.c">
      <Filter>Source Files</Filter>
    </ClCompile>
    <ClCompile Include="..\pretty.c">
      <Filter>Source Files</Filter>
    </ClCompile>
    <ClCompile Include="..\prio-queue.c">
      <Filter>Source Files</Filter>
    </ClCompile>
    <ClCompile Include="..\progress.c">
      <Filter>Source Files</Filter>
    </ClCompile>
    <ClCompile Include="..\prompt.c">
      <Filter>Source Files</Filter>
    </ClCompile>
    <ClCompile Include="..\quote.c">
      <Filter>Source Files</Filter>
    </ClCompile>
    <ClCompile Include="..\reachable.c">
      <Filter>Source Files</Filter>
    </ClCompile>
    <ClCompile Include="..\read-cache.c">
      <Filter>Source Files</Filter>
    </ClCompile>
    <ClCompile Include="..\reflog-walk.c">
      <Filter>Source Files</Filter>
    </ClCompile>
    <ClCompile Include="..\refs.c">
      <Filter>Source Files</Filter>
    </ClCompile>
    <ClCompile Include="..\remote.c">
      <Filter>Source Files</Filter>
    </ClCompile>
    <ClCompile Include="..\replace_object.c">
      <Filter>Source Files</Filter>
    </ClCompile>
    <ClCompile Include="..\rerere.c">
      <Filter>Source Files</Filter>
    </ClCompile>
    <ClCompile Include="..\resolve-undo.c">
      <Filter>Source Files</Filter>
    </ClCompile>
    <ClCompile Include="..\revision.c">
      <Filter>Source Files</Filter>
    </ClCompile>
    <ClCompile Include="..\run-command.c">
      <Filter>Source Files</Filter>
    </ClCompile>
    <ClCompile Include="..\send-pack.c">
      <Filter>Source Files</Filter>
    </ClCompile>
    <ClCompile Include="..\sequencer.c">
      <Filter>Source Files</Filter>
    </ClCompile>
    <ClCompile Include="..\server-info.c">
      <Filter>Source Files</Filter>
    </ClCompile>
    <ClCompile Include="..\setup.c">
      <Filter>Source Files</Filter>
    </ClCompile>
    <ClCompile Include="..\sha1-array.c">
      <Filter>Source Files</Filter>
    </ClCompile>
    <ClCompile Include="..\sha1-lookup.c">
      <Filter>Source Files</Filter>
    </ClCompile>
    <ClCompile Include="..\sha1_file.c">
      <Filter>Source Files</Filter>
    </ClCompile>
    <ClCompile Include="..\sha1_name.c">
      <Filter>Source Files</Filter>
    </ClCompile>
    <ClCompile Include="..\shallow.c">
      <Filter>Source Files</Filter>
    </ClCompile>
    <ClCompile Include="..\sideband.c">
      <Filter>Source Files</Filter>
    </ClCompile>
    <ClCompile Include="..\sigchain.c">
      <Filter>Source Files</Filter>
    </ClCompile>
    <ClCompile Include="..\strbuf.c">
      <Filter>Source Files</Filter>
    </ClCompile>
    <ClCompile Include="..\streaming.c">
      <Filter>Source Files</Filter>
    </ClCompile>
    <ClCompile Include="..\string-list.c">
      <Filter>Source Files</Filter>
    </ClCompile>
    <ClCompile Include="..\submodule.c">
      <Filter>Source Files</Filter>
    </ClCompile>
    <ClCompile Include="..\symlinks.c">
      <Filter>Source Files</Filter>
    </ClCompile>
    <ClCompile Include="..\tag.c">
      <Filter>Source Files</Filter>
    </ClCompile>
    <ClCompile Include="..\thread-utils.c">
      <Filter>Source Files</Filter>
    </ClCompile>
    <ClCompile Include="..\trace.c">
      <Filter>Source Files</Filter>
    </ClCompile>
    <ClCompile Include="..\transport-helper.c">
      <Filter>Source Files</Filter>
    </ClCompile>
    <ClCompile Include="..\transport.c">
      <Filter>Source Files</Filter>
    </ClCompile>
    <ClCompile Include="..\tree-diff.c">
      <Filter>Source Files</Filter>
    </ClCompile>
    <ClCompile Include="..\tree-walk.c">
      <Filter>Source Files</Filter>
    </ClCompile>
    <ClCompile Include="..\tree.c">
      <Filter>Source Files</Filter>
    </ClCompile>
    <ClCompile Include="..\unpack-trees.c">
      <Filter>Source Files</Filter>
    </ClCompile>
    <ClCompile Include="..\url.c">
      <Filter>Source Files</Filter>
    </ClCompile>
    <ClCompile Include="..\urlmatch.c">
      <Filter>Source Files</Filter>
    </ClCompile>
    <ClCompile Include="..\usage.c">
      <Filter>Source Files</Filter>
    </ClCompile>
    <ClCompile Include="..\userdiff.c">
      <Filter>Source Files</Filter>
    </ClCompile>
    <ClCompile Include="..\utf8.c">
      <Filter>Source Files</Filter>
    </ClCompile>
    <ClCompile Include="..\varint.c">
      <Filter>Source Files</Filter>
    </ClCompile>
    <ClCompile Include="..\version.c">
      <Filter>Source Files</Filter>
    </ClCompile>
    <ClCompile Include="..\walker.c">
      <Filter>Source Files</Filter>
    </ClCompile>
    <ClCompile Include="..\wildmatch.c">
      <Filter>Source Files</Filter>
    </ClCompile>
    <ClCompile Include="..\wrapper.c">
      <Filter>Source Files</Filter>
    </ClCompile>
    <ClCompile Include="..\write_or_die.c">
      <Filter>Source Files</Filter>
    </ClCompile>
    <ClCompile Include="..\ws.c">
      <Filter>Source Files</Filter>
    </ClCompile>
    <ClCompile Include="..\wt-status.c">
      <Filter>Source Files</Filter>
    </ClCompile>
    <ClCompile Include="..\xdiff-interface.c">
      <Filter>Source Files</Filter>
    </ClCompile>
    <ClCompile Include="..\zlib.c">
      <Filter>Source Files</Filter>
    </ClCompile>
  </ItemGroup>
</Project>